// !$*UTF8*$!
{
	archiveVersion = 1;
	classes = {
	};
	objectVersion = 50;
	objects = {

/* Begin PBXBuildFile section */
		B872F2222930FE3900D30F9E /* AVFoundation.framework in Frameworks */ = {isa = PBXBuildFile; fileRef = B872F2212930FE3900D30F9E /* AVFoundation.framework */; };
		B872F2252930FE4B00D30F9E /* CoreMediaIO.framework in Frameworks */ = {isa = PBXBuildFile; fileRef = B872F2232930FE4B00D30F9E /* CoreMediaIO.framework */; };
		B872F2262930FE4B00D30F9E /* CoreMedia.framework in Frameworks */ = {isa = PBXBuildFile; fileRef = B872F2242930FE4B00D30F9E /* CoreMedia.framework */; };
		B872F2282930FE5300D30F9E /* CoreVideo.framework in Frameworks */ = {isa = PBXBuildFile; fileRef = B872F2272930FE5300D30F9E /* CoreVideo.framework */; };
		D8C007EC26FAE33C00FFB741 /* nokhwactl in Resources */ = {isa = PBXBuildFile; fileRef = D8C007EB26FAE33C00FFB741 /* nokhwactl */; };
		D8C007EE26FAFFDC00FFB741 /* main.swift in Sources */ = {isa = PBXBuildFile; fileRef = D8C007ED26FAFFDC00FFB741 /* main.swift */; };
/* End PBXBuildFile section */

/* Begin PBXFileReference section */
		B872F2212930FE3900D30F9E /* AVFoundation.framework */ = {isa = PBXFileReference; lastKnownFileType = wrapper.framework; name = AVFoundation.framework; path = System/Library/Frameworks/AVFoundation.framework; sourceTree = SDKROOT; };
		B872F2232930FE4B00D30F9E /* CoreMediaIO.framework */ = {isa = PBXFileReference; lastKnownFileType = wrapper.framework; name = CoreMediaIO.framework; path = System/Library/Frameworks/CoreMediaIO.framework; sourceTree = SDKROOT; };
		B872F2242930FE4B00D30F9E /* CoreMedia.framework */ = {isa = PBXFileReference; lastKnownFileType = wrapper.framework; name = CoreMedia.framework; path = System/Library/Frameworks/CoreMedia.framework; sourceTree = SDKROOT; };
		B872F2272930FE5300D30F9E /* CoreVideo.framework */ = {isa = PBXFileReference; lastKnownFileType = wrapper.framework; name = CoreVideo.framework; path = System/Library/Frameworks/CoreVideo.framework; sourceTree = SDKROOT; };
		D8C007C026FAE25E00FFB741 /* example-capture.app */ = {isa = PBXFileReference; explicitFileType = wrapper.application; includeInIndex = 0; path = "example-capture.app"; sourceTree = BUILT_PRODUCTS_DIR; };
		D8C007CA26FAE25F00FFB741 /* Info.plist */ = {isa = PBXFileReference; lastKnownFileType = text.plist.xml; path = Info.plist; sourceTree = "<group>"; };
		D8C007CB26FAE25F00FFB741 /* example_capture.entitlements */ = {isa = PBXFileReference; lastKnownFileType = text.plist.entitlements; path = example_capture.entitlements; sourceTree = "<group>"; };
		D8C007E726FAE29D00FFB741 /* rustpack-capture.xcodeproj */ = {isa = PBXFileReference; lastKnownFileType = "wrapper.pb-project"; name = "rustpack-capture.xcodeproj"; path = "rustpack-capture/rustpack-capture.xcodeproj"; sourceTree = "<group>"; };
		D8C007EB26FAE33C00FFB741 /* nokhwactl */ = {isa = PBXFileReference; lastKnownFileType = "compiled.mach-o.executable"; name = nokhwactl; path = ../../../../target/debug/nokhwactl; sourceTree = "<group>"; };
		D8C007ED26FAFFDC00FFB741 /* main.swift */ = {isa = PBXFileReference; lastKnownFileType = sourcecode.swift; path = main.swift; sourceTree = "<group>"; };
/* End PBXFileReference section */

/* Begin PBXFrameworksBuildPhase section */
		D8C007BD26FAE25E00FFB741 /* Frameworks */ = {
			isa = PBXFrameworksBuildPhase;
			buildActionMask = 2147483647;
			files = (
				B872F2262930FE4B00D30F9E /* CoreMedia.framework in Frameworks */,
				B872F2252930FE4B00D30F9E /* CoreMediaIO.framework in Frameworks */,
				B872F2222930FE3900D30F9E /* AVFoundation.framework in Frameworks */,
				B872F2282930FE5300D30F9E /* CoreVideo.framework in Frameworks */,
			);
			runOnlyForDeploymentPostprocessing = 0;
		};
/* End PBXFrameworksBuildPhase section */

/* Begin PBXGroup section */
		B872F2202930FE3900D30F9E /* Frameworks */ = {
			isa = PBXGroup;
			children = (
				B872F2272930FE5300D30F9E /* CoreVideo.framework */,
				B872F2242930FE4B00D30F9E /* CoreMedia.framework */,
				B872F2232930FE4B00D30F9E /* CoreMediaIO.framework */,
				B872F2212930FE3900D30F9E /* AVFoundation.framework */,
			);
			name = Frameworks;
			sourceTree = "<group>";
		};
		D8C007B726FAE25E00FFB741 = {
			isa = PBXGroup;
			children = (
				D8C007E726FAE29D00FFB741 /* rustpack-capture.xcodeproj */,
				D8C007C226FAE25E00FFB741 /* example-capture */,
				D8C007C126FAE25E00FFB741 /* Products */,
				B872F2202930FE3900D30F9E /* Frameworks */,
			);
			sourceTree = "<group>";
		};
		D8C007C126FAE25E00FFB741 /* Products */ = {
			isa = PBXGroup;
			children = (
				D8C007C026FAE25E00FFB741 /* example-capture.app */,
			);
			name = Products;
			sourceTree = "<group>";
		};
		D8C007C226FAE25E00FFB741 /* example-capture */ = {
			isa = PBXGroup;
			children = (
				D8C007EB26FAE33C00FFB741 /* nokhwactl */,
				D8C007CA26FAE25F00FFB741 /* Info.plist */,
				D8C007CB26FAE25F00FFB741 /* example_capture.entitlements */,
				D8C007ED26FAFFDC00FFB741 /* main.swift */,
			);
			path = "example-capture";
			sourceTree = "<group>";
		};
		D8C007E826FAE29D00FFB741 /* Products */ = {
			isa = PBXGroup;
			children = (
			);
			name = Products;
			sourceTree = "<group>";
		};
/* End PBXGroup section */

/* Begin PBXNativeTarget section */
		D8C007BF26FAE25E00FFB741 /* example-capture */ = {
			isa = PBXNativeTarget;
			buildConfigurationList = D8C007CE26FAE25F00FFB741 /* Build configuration list for PBXNativeTarget "example-capture" */;
			buildPhases = (
				D8C007BC26FAE25E00FFB741 /* Sources */,
				D8C007BD26FAE25E00FFB741 /* Frameworks */,
				D8C007BE26FAE25E00FFB741 /* Resources */,
			);
			buildRules = (
			);
			dependencies = (
			);
			name = "example-capture";
			productName = "example-capture";
			productReference = D8C007C026FAE25E00FFB741 /* example-capture.app */;
			productType = "com.apple.product-type.application";
		};
/* End PBXNativeTarget section */

/* Begin PBXProject section */
		D8C007B826FAE25E00FFB741 /* Project object */ = {
			isa = PBXProject;
			attributes = {
				LastSwiftUpdateCheck = 1170;
				LastUpgradeCheck = 1250;
				ORGANIZATIONNAME = "l1npengtul-nokhwa";
				TargetAttributes = {
					D8C007BF26FAE25E00FFB741 = {
						CreatedOnToolsVersion = 11.7;
						LastSwiftMigration = 1170;
					};
				};
			};
			buildConfigurationList = D8C007BB26FAE25E00FFB741 /* Build configuration list for PBXProject "example-capture" */;
			compatibilityVersion = "Xcode 9.3";
			developmentRegion = en;
			hasScannedForEncodings = 0;
			knownRegions = (
				en,
				Base,
			);
			mainGroup = D8C007B726FAE25E00FFB741;
			productRefGroup = D8C007C126FAE25E00FFB741 /* Products */;
			projectDirPath = "";
			projectReferences = (
				{
					ProductGroup = D8C007E826FAE29D00FFB741 /* Products */;
					ProjectRef = D8C007E726FAE29D00FFB741 /* rustpack-capture.xcodeproj */;
				},
			);
			projectRoot = "";
			targets = (
				D8C007BF26FAE25E00FFB741 /* example-capture */,
			);
		};
/* End PBXProject section */

/* Begin PBXResourcesBuildPhase section */
		D8C007BE26FAE25E00FFB741 /* Resources */ = {
			isa = PBXResourcesBuildPhase;
			buildActionMask = 2147483647;
			files = (
				D8C007EC26FAE33C00FFB741 /* nokhwactl in Resources */,
			);
			runOnlyForDeploymentPostprocessing = 0;
		};
/* End PBXResourcesBuildPhase section */

/* Begin PBXSourcesBuildPhase section */
		D8C007BC26FAE25E00FFB741 /* Sources */ = {
			isa = PBXSourcesBuildPhase;
			buildActionMask = 2147483647;
			files = (
				D8C007EE26FAFFDC00FFB741 /* main.swift in Sources */,
			);
			runOnlyForDeploymentPostprocessing = 0;
		};
/* End PBXSourcesBuildPhase section */

/* Begin XCBuildConfiguration section */
		D8C007CC26FAE25F00FFB741 /* Debug */ = {
			isa = XCBuildConfiguration;
			buildSettings = {
				ALWAYS_SEARCH_USER_PATHS = NO;
				CLANG_ANALYZER_NONNULL = YES;
				CLANG_ANALYZER_NUMBER_OBJECT_CONVERSION = YES_AGGRESSIVE;
				CLANG_CXX_LANGUAGE_STANDARD = "gnu++14";
				CLANG_CXX_LIBRARY = "libc++";
				CLANG_ENABLE_MODULES = YES;
				CLANG_ENABLE_OBJC_ARC = YES;
				CLANG_ENABLE_OBJC_WEAK = YES;
				CLANG_WARN_BLOCK_CAPTURE_AUTORELEASING = YES;
				CLANG_WARN_BOOL_CONVERSION = YES;
				CLANG_WARN_COMMA = YES;
				CLANG_WARN_CONSTANT_CONVERSION = YES;
				CLANG_WARN_DEPRECATED_OBJC_IMPLEMENTATIONS = YES;
				CLANG_WARN_DIRECT_OBJC_ISA_USAGE = YES_ERROR;
				CLANG_WARN_DOCUMENTATION_COMMENTS = YES;
				CLANG_WARN_EMPTY_BODY = YES;
				CLANG_WARN_ENUM_CONVERSION = YES;
				CLANG_WARN_INFINITE_RECURSION = YES;
				CLANG_WARN_INT_CONVERSION = YES;
				CLANG_WARN_NON_LITERAL_NULL_CONVERSION = YES;
				CLANG_WARN_OBJC_IMPLICIT_RETAIN_SELF = YES;
				CLANG_WARN_OBJC_LITERAL_CONVERSION = YES;
				CLANG_WARN_OBJC_ROOT_CLASS = YES_ERROR;
				CLANG_WARN_QUOTED_INCLUDE_IN_FRAMEWORK_HEADER = YES;
				CLANG_WARN_RANGE_LOOP_ANALYSIS = YES;
				CLANG_WARN_STRICT_PROTOTYPES = YES;
				CLANG_WARN_SUSPICIOUS_MOVE = YES;
				CLANG_WARN_UNGUARDED_AVAILABILITY = YES_AGGRESSIVE;
				CLANG_WARN_UNREACHABLE_CODE = YES;
				CLANG_WARN__DUPLICATE_METHOD_MATCH = YES;
				COPY_PHASE_STRIP = NO;
				DEBUG_INFORMATION_FORMAT = dwarf;
				ENABLE_STRICT_OBJC_MSGSEND = YES;
				ENABLE_TESTABILITY = YES;
				GCC_C_LANGUAGE_STANDARD = gnu11;
				GCC_DYNAMIC_NO_PIC = NO;
				GCC_NO_COMMON_BLOCKS = YES;
				GCC_OPTIMIZATION_LEVEL = 0;
				GCC_PREPROCESSOR_DEFINITIONS = (
					"DEBUG=1",
					"$(inherited)",
				);
				GCC_WARN_64_TO_32_BIT_CONVERSION = YES;
				GCC_WARN_ABOUT_RETURN_TYPE = YES_ERROR;
				GCC_WARN_UNDECLARED_SELECTOR = YES;
				GCC_WARN_UNINITIALIZED_AUTOS = YES_AGGRESSIVE;
				GCC_WARN_UNUSED_FUNCTION = YES;
				GCC_WARN_UNUSED_VARIABLE = YES;
				MACOSX_DEPLOYMENT_TARGET = 10.15;
				MTL_ENABLE_DEBUG_INFO = INCLUDE_SOURCE;
				MTL_FAST_MATH = YES;
				ONLY_ACTIVE_ARCH = YES;
				SDKROOT = macosx;
				SWIFT_ACTIVE_COMPILATION_CONDITIONS = DEBUG;
				SWIFT_OPTIMIZATION_LEVEL = "-Onone";
			};
			name = Debug;
		};
		D8C007CD26FAE25F00FFB741 /* Release */ = {
			isa = XCBuildConfiguration;
			buildSettings = {
				ALWAYS_SEARCH_USER_PATHS = NO;
				CLANG_ANALYZER_NONNULL = YES;
				CLANG_ANALYZER_NUMBER_OBJECT_CONVERSION = YES_AGGRESSIVE;
				CLANG_CXX_LANGUAGE_STANDARD = "gnu++14";
				CLANG_CXX_LIBRARY = "libc++";
				CLANG_ENABLE_MODULES = YES;
				CLANG_ENABLE_OBJC_ARC = YES;
				CLANG_ENABLE_OBJC_WEAK = YES;
				CLANG_WARN_BLOCK_CAPTURE_AUTORELEASING = YES;
				CLANG_WARN_BOOL_CONVERSION = YES;
				CLANG_WARN_COMMA = YES;
				CLANG_WARN_CONSTANT_CONVERSION = YES;
				CLANG_WARN_DEPRECATED_OBJC_IMPLEMENTATIONS = YES;
				CLANG_WARN_DIRECT_OBJC_ISA_USAGE = YES_ERROR;
				CLANG_WARN_DOCUMENTATION_COMMENTS = YES;
				CLANG_WARN_EMPTY_BODY = YES;
				CLANG_WARN_ENUM_CONVERSION = YES;
				CLANG_WARN_INFINITE_RECURSION = YES;
				CLANG_WARN_INT_CONVERSION = YES;
				CLANG_WARN_NON_LITERAL_NULL_CONVERSION = YES;
				CLANG_WARN_OBJC_IMPLICIT_RETAIN_SELF = YES;
				CLANG_WARN_OBJC_LITERAL_CONVERSION = YES;
				CLANG_WARN_OBJC_ROOT_CLASS = YES_ERROR;
				CLANG_WARN_QUOTED_INCLUDE_IN_FRAMEWORK_HEADER = YES;
				CLANG_WARN_RANGE_LOOP_ANALYSIS = YES;
				CLANG_WARN_STRICT_PROTOTYPES = YES;
				CLANG_WARN_SUSPICIOUS_MOVE = YES;
				CLANG_WARN_UNGUARDED_AVAILABILITY = YES_AGGRESSIVE;
				CLANG_WARN_UNREACHABLE_CODE = YES;
				CLANG_WARN__DUPLICATE_METHOD_MATCH = YES;
				COPY_PHASE_STRIP = NO;
				DEBUG_INFORMATION_FORMAT = "dwarf-with-dsym";
				ENABLE_NS_ASSERTIONS = NO;
				ENABLE_STRICT_OBJC_MSGSEND = YES;
				GCC_C_LANGUAGE_STANDARD = gnu11;
				GCC_NO_COMMON_BLOCKS = YES;
				GCC_WARN_64_TO_32_BIT_CONVERSION = YES;
				GCC_WARN_ABOUT_RETURN_TYPE = YES_ERROR;
				GCC_WARN_UNDECLARED_SELECTOR = YES;
				GCC_WARN_UNINITIALIZED_AUTOS = YES_AGGRESSIVE;
				GCC_WARN_UNUSED_FUNCTION = YES;
				GCC_WARN_UNUSED_VARIABLE = YES;
				MACOSX_DEPLOYMENT_TARGET = 10.15;
				MTL_ENABLE_DEBUG_INFO = NO;
				MTL_FAST_MATH = YES;
				SDKROOT = macosx;
				SWIFT_COMPILATION_MODE = wholemodule;
				SWIFT_OPTIMIZATION_LEVEL = "-O";
			};
			name = Release;
		};
		D8C007CF26FAE25F00FFB741 /* Debug */ = {
			isa = XCBuildConfiguration;
			buildSettings = {
				CLANG_ENABLE_MODULES = YES;
				CODE_SIGN_ENTITLEMENTS = "example-capture/example_capture.entitlements";
				CODE_SIGN_IDENTITY = "-";
				CODE_SIGN_STYLE = Automatic;
				COMBINE_HIDPI_IMAGES = YES;
				INFOPLIST_FILE = "example-capture/Info.plist";
				LD_RUNPATH_SEARCH_PATHS = (
					"$(inherited)",
					"@executable_path/../Frameworks",
				);
				PRODUCT_BUNDLE_IDENTIFIER = "l1npengtul-nokhwa.example-capture";
				PRODUCT_NAME = "$(TARGET_NAME)";
				SWIFT_OPTIMIZATION_LEVEL = "-Onone";
				SWIFT_VERSION = 5.0;
			};
			name = Debug;
		};
		D8C007D026FAE25F00FFB741 /* Release */ = {
			isa = XCBuildConfiguration;
			buildSettings = {
				CLANG_ENABLE_MODULES = YES;
				CODE_SIGN_ENTITLEMENTS = "example-capture/example_capture.entitlements";
				CODE_SIGN_IDENTITY = "-";
				CODE_SIGN_STYLE = Automatic;
				COMBINE_HIDPI_IMAGES = YES;
				INFOPLIST_FILE = "example-capture/Info.plist";
				LD_RUNPATH_SEARCH_PATHS = (
					"$(inherited)",
					"@executable_path/../Frameworks",
				);
				PRODUCT_BUNDLE_IDENTIFIER = "l1npengtul-nokhwa.example-capture";
				PRODUCT_NAME = "$(TARGET_NAME)";
				SWIFT_VERSION = 5.0;
			};
			name = Release;
		};
/* End XCBuildConfiguration section */

/* Begin XCConfigurationList section */
		D8C007BB26FAE25E00FFB741 /* Build configuration list for PBXProject "example-capture" */ = {
			isa = XCConfigurationList;
			buildConfigurations = (
				D8C007CC26FAE25F00FFB741 /* Debug */,
				D8C007CD26FAE25F00FFB741 /* Release */,
			);
			defaultConfigurationIsVisible = 0;
			defaultConfigurationName = Release;
		};
		D8C007CE26FAE25F00FFB741 /* Build configuration list for PBXNativeTarget "example-capture" */ = {
			isa = XCConfigurationList;
			buildConfigurations = (
				D8C007CF26FAE25F00FFB741 /* Debug */,
				D8C007D026FAE25F00FFB741 /* Release */,
			);
			defaultConfigurationIsVisible = 0;
			defaultConfigurationName = Release;
		};
/* End XCConfigurationList section */
	};
	rootObject = D8C007B826FAE25E00FFB741 /* Project object */;
}
